
Microsoft Visual Studio Solution File, Format Version 12.00
# Visual Studio Version 17
VisualStudioVersion = 17.8.34408.163
MinimumVisualStudioVersion = 10.0.40219.1
Project("{FAE04EC0-301F-11D3-BF4B-00C04F79EFBC}") = "ConsoleApp", "ConsoleApp\ConsoleApp.csproj", "{3CD37458-746A-43E9-9865-9C2FF1CFA83F}"
EndProject
Global
	GlobalSection(SolutionConfigurationPlatforms) = preSolution
		Debug|Any CPU = Debug|Any CPU
		Release|Any CPU = Release|Any CPU
	EndGlobalSection
	GlobalSection(ProjectConfigurationPlatforms) = postSolution
		{3CD37458-746A-43E9-9865-9C2FF1CFA83F}.Debug|Any CPU.ActiveCfg = Debug|Any CPU
		{3CD37458-746A-43E9-9865-9C2FF1CFA83F}.Debug|Any CPU.Build.0 = Debug|Any CPU
		{3CD37458-746A-43E9-9865-9C2FF1CFA83F}.Release|Any CPU.ActiveCfg = Release|Any CPU
		{3CD37458-746A-43E9-9865-9C2FF1CFA83F}.Release|Any CPU.Build.0 = Release|Any CPU
	EndGlobalSection
	GlobalSection(SolutionProperties) = preSolution
		HideSolutionNode = FALSE
	EndGlobalSection
	GlobalSection(ExtensibilityGlobals) = postSolution
		SolutionGuid = {A43DF05E-FEBB-4B30-8139-4A2360E2B44B}
	EndGlobalSection
EndGlobal
